# This file is autogenerated, do not edit; changes may be undone by the next 'dep ensure'.


[[projects]]
  branch = "master"
  name = "github.com/d2r2/go-dht"
  packages = ["."]
  revision = "5dbb230a1273bde191e1eb3891a90e117c82ccb6"

[[projects]]
  branch = "master"
  name = "github.com/golang/glog"
  packages = ["."]
  revision = "23def4e6c14b4da8ac2ed8007337bc5eb5007998"

[[projects]]
  branch = "master"
  name = "github.com/kidoman/embd"
  packages = [".","host/generic","host/rpi"]
  revision = "d3d8c0c5c68dc6caccebb7d720f36e64bafd0a62"

[[projects]]
  branch = "master"
  name = "github.com/morus12/dht22"
  packages = ["."]
  revision = "87805f7fca724f0d738d2849d9f4e4f00ccee6de"

[[projects]]
  name = "github.com/op/go-logging"
  packages = ["."]
  revision = "b2cb9fa56473e98db8caba80237377e83fe44db5"
  version = "v1"

[solve-meta]
  analyzer-name = "dep"
  analyzer-version = 1
  inputs-digest = "46aefc2e742e56223aa3d5d696c4109884af7f5f43d1749002320c911c390de0"
  solver-name = "gps-cdcl"
  solver-version = 1
