# This file is autogenerated, do not edit; changes may be undone by the next 'dep ensure'.


[[projects]]
  branch = "master"
  name = "github.com/d2r2/go-dht"
  packages = ["."]
  revision = "5dbb230a1273bde191e1eb3891a90e117c82ccb6"

[[projects]]
  name = "github.com/op/go-logging"
  packages = ["."]
  revision = "b2cb9fa56473e98db8caba80237377e83fe44db5"
  version = "v1"

[solve-meta]
  analyzer-name = "dep"
  analyzer-version = 1
  inputs-digest = "0d65da4b117b5761580d1e9fccd4d0bbe206611ef18b1ce3a51f2848f7ac3362"
  solver-name = "gps-cdcl"
  solver-version = 1
